[["version","1"]]
["","container.from",["docker.io/library/debian:trixie-slim","linux/amd64"],"sha256:020c0d20b9880058cbe785a9db107156c3c75c2ac944a6aa7ab59f2add76a7bd","pin"]
["","container.from",["docker.io/library/debian:trixie-slim","linux/arm64"],"sha256:020c0d20b9880058cbe785a9db107156c3c75c2ac944a6aa7ab59f2add76a7bd","pin"]
["","container.from",["docker.io/library/rust:1.97-slim-trixie","linux/amd64"],"sha256:5c6f46a6e4472ab1ca7ba7d494e6677f2f219ebc02f32025d3986f057635ec9c","pin"]
["","container.from",["docker.io/library/rust:1.97-slim-trixie","linux/arm64"],"sha256:5c6f46a6e4472ab1ca7ba7d494e6677f2f219ebc02f32025d3986f057635ec9c","pin"]
["","container.from",["ghcr.io/restatedev/restate:latest","linux/amd64"],"sha256:53b245bcd64318233128c49ce56577737c888fcfacd5dbe8e7c88deb12753681","pin"]
["","git.head",["https://github.com/rustsec/advisory-db.git"],"d05116784db40f15814c8e48b17fc9b1abb39a6c","float"]
["","git.head",["https://github.com/sagikazarmark/daggerverse-beta"],"124c60b10d3e728fa8a250dc10450e545423dc56","float"]
